{
  "name": "root",
  "requires": true,
  "lockfileVersion": 1,
  "dependencies": {
    "vishesh_additionmodule": {
      "version": "1.0.0",
      "resolved": "https://registry.npmjs.org/vishesh_additionmodule/-/vishesh_additionmodule-1.0.0.tgz",
      "integrity": "sha512-cL9QXODmm8I2LX5xjiSDmXUMJQUAeKzaKMykb1ZxMHURlgM6jiPgryzSYWsJaQwSasIBi8UwD6UUbIvL5A7lMw=="
    }
  }
}
