{
  "name": "calc",
  "version": "1.0.0",
  "lockfileVersion": 1,
  "requires": true,
  "dependencies": {
    "vishesh_additionmodule": {
      "version": "2.0.0",
      "resolved": "https://registry.npmjs.org/vishesh_additionmodule/-/vishesh_additionmodule-2.0.0.tgz",
      "integrity": "sha512-xrRtoVW9EoDZjemp803TrmCdkq8Xg4aP2gaSaue5sYkGVvYIBnJUeA+mkrLU4hkPD2g1SPUi3VxJv77YGPalTw=="
    }
  }
}
